
Microsoft Visual Studio Solution File, Format Version 12.00
# Visual Studio 15
VisualStudioVersion = 15.0.26730.16
MinimumVisualStudioVersion = 10.0.40219.1
Project("{FAE04EC0-301F-11D3-BF4B-00C04F79EFBC}") = "ProjectAIP.BLL", "ProjectAIP\ProjectAIP.BLL\ProjectAIP.BLL.csproj", "{91583352-8F89-417E-9DCF-C256B4BBFAE7}"
EndProject
Project("{FAE04EC0-301F-11D3-BF4B-00C04F79EFBC}") = "ProjectAIP.DAL", "ProjectAIP\ProjectAIP.DAL\ProjectAIP.DAL.csproj", "{2E8C3B1A-7DCF-4EDD-A13F-FABE34337910}"
EndProject
Project("{FAE04EC0-301F-11D3-BF4B-00C04F79EFBC}") = "ProjectAIP.Services", "ProjectAIP\ProjectAIP.Services\ProjectAIP.Services.csproj", "{6B937FEB-159F-45D4-836D-2805C1500C0B}"
EndProject
Project("{FAE04EC0-301F-11D3-BF4B-00C04F79EFBC}") = "ProjectAIP.Utilities", "ProjectAIP\ProjectAIP.Utilities\ProjectAIP.Utilities.csproj", "{FE5E319C-E387-4D85-B2F6-B3E193264C46}"
EndProject
Project("{FAE04EC0-301F-11D3-BF4B-00C04F79EFBC}") = "ProjectAIP.ViewModels", "ProjectAIP\ProjectAIP.ViewModels\ProjectAIP.ViewModels.csproj", "{06F87A07-8FCD-4509-AB21-EB3D21B99156}"
EndProject
Project("{FAE04EC0-301F-11D3-BF4B-00C04F79EFBC}") = "ProjectAIP.Web", "ProjectAIP\ProjectAIP.Web\ProjectAIP.Web.csproj", "{18761C21-30A7-466D-A4B1-915BD753C36E}"
EndProject
Global
	GlobalSection(SolutionConfigurationPlatforms) = preSolution
		Debug|Any CPU = Debug|Any CPU
		Release|Any CPU = Release|Any CPU
	EndGlobalSection
	GlobalSection(ProjectConfigurationPlatforms) = postSolution
		{91583352-8F89-417E-9DCF-C256B4BBFAE7}.Debug|Any CPU.ActiveCfg = Debug|Any CPU
		{91583352-8F89-417E-9DCF-C256B4BBFAE7}.Debug|Any CPU.Build.0 = Debug|Any CPU
		{91583352-8F89-417E-9DCF-C256B4BBFAE7}.Release|Any CPU.ActiveCfg = Release|Any CPU
		{91583352-8F89-417E-9DCF-C256B4BBFAE7}.Release|Any CPU.Build.0 = Release|Any CPU
		{2E8C3B1A-7DCF-4EDD-A13F-FABE34337910}.Debug|Any CPU.ActiveCfg = Debug|Any CPU
		{2E8C3B1A-7DCF-4EDD-A13F-FABE34337910}.Debug|Any CPU.Build.0 = Debug|Any CPU
		{2E8C3B1A-7DCF-4EDD-A13F-FABE34337910}.Release|Any CPU.ActiveCfg = Release|Any CPU
		{2E8C3B1A-7DCF-4EDD-A13F-FABE34337910}.Release|Any CPU.Build.0 = Release|Any CPU
		{6B937FEB-159F-45D4-836D-2805C1500C0B}.Debug|Any CPU.ActiveCfg = Debug|Any CPU
		{6B937FEB-159F-45D4-836D-2805C1500C0B}.Debug|Any CPU.Build.0 = Debug|Any CPU
		{6B937FEB-159F-45D4-836D-2805C1500C0B}.Release|Any CPU.ActiveCfg = Release|Any CPU
		{6B937FEB-159F-45D4-836D-2805C1500C0B}.Release|Any CPU.Build.0 = Release|Any CPU
		{FE5E319C-E387-4D85-B2F6-B3E193264C46}.Debug|Any CPU.ActiveCfg = Debug|Any CPU
		{FE5E319C-E387-4D85-B2F6-B3E193264C46}.Debug|Any CPU.Build.0 = Debug|Any CPU
		{FE5E319C-E387-4D85-B2F6-B3E193264C46}.Release|Any CPU.ActiveCfg = Release|Any CPU
		{FE5E319C-E387-4D85-B2F6-B3E193264C46}.Release|Any CPU.Build.0 = Release|Any CPU
		{06F87A07-8FCD-4509-AB21-EB3D21B99156}.Debug|Any CPU.ActiveCfg = Debug|Any CPU
		{06F87A07-8FCD-4509-AB21-EB3D21B99156}.Debug|Any CPU.Build.0 = Debug|Any CPU
		{06F87A07-8FCD-4509-AB21-EB3D21B99156}.Release|Any CPU.ActiveCfg = Release|Any CPU
		{06F87A07-8FCD-4509-AB21-EB3D21B99156}.Release|Any CPU.Build.0 = Release|Any CPU
		{18761C21-30A7-466D-A4B1-915BD753C36E}.Debug|Any CPU.ActiveCfg = Debug|Any CPU
		{18761C21-30A7-466D-A4B1-915BD753C36E}.Debug|Any CPU.Build.0 = Debug|Any CPU
		{18761C21-30A7-466D-A4B1-915BD753C36E}.Release|Any CPU.ActiveCfg = Release|Any CPU
		{18761C21-30A7-466D-A4B1-915BD753C36E}.Release|Any CPU.Build.0 = Release|Any CPU
	EndGlobalSection
	GlobalSection(SolutionProperties) = preSolution
		HideSolutionNode = FALSE
	EndGlobalSection
	GlobalSection(ExtensibilityGlobals) = postSolution
		SolutionGuid = {9D9386AA-7E53-44C1-9B57-6E527A4818A4}
	EndGlobalSection
EndGlobal
